{
  "version": "3",
  "packages": {
    "specifiers": {
      "jsr:@std/assert": "jsr:@std/assert@0.218.2",
      "jsr:@std/fmt@^0.218.2": "jsr:@std/fmt@0.218.2",
      "npm:ts-toolbelt": "npm:ts-toolbelt@9.6.0"
    },
    "jsr": {
      "@std/assert@0.218.2": {
        "dependencies": [
          "jsr:@std/fmt@^0.218.2"
        ]
      },
      "@std/fmt@0.218.2": {}
    },
    "npm": {
      "ts-toolbelt@9.6.0": {
        "integrity": "sha512-nsZd8ZeNUzukXPlJmTBwUAuABDe/9qtVDelJeT/qW0ow3ZS3BsQJtNkan1802aM9Uf68/Y8ljw86Hu0h5IUW3w==",
        "dependencies": {}
      }
    }
  },
  "remote": {
    "https://deno.land/std@0.98.0/fmt/colors.ts": "db22b314a2ae9430ae7460ce005e0a7130e23ae1c999157e3bb77cf55800f7e4",
    "https://deno.land/std@0.98.0/testing/_diff.ts": "961eaf6d9f5b0a8556c9d835bbc6fa74f5addd7d3b02728ba7936ff93364f7a3",
    "https://deno.land/std@0.98.0/testing/asserts.ts": "289b6ccf3b422ffb311cbf56996960d6530f8d8c0a7281803764c5ec672f9f9c",
    "https://jsr.io/@std/assert/0.218.2/_constants.ts": "a271e8ef5a573f1df8e822a6eb9d09df064ad66a4390f21b3e31f820a38e0975",
    "https://jsr.io/@std/assert/0.218.2/_diff.ts": "79d3b61c11fccddbf5a01df7d57ec496813bdad3a66ab7c275ae67f5409dcdf6",
    "https://jsr.io/@std/assert/0.218.2/_format.ts": "0ba808961bf678437fb486b56405b6fefad2cf87b5809667c781ddee8c32aff4",
    "https://jsr.io/@std/assert/0.218.2/assert.ts": "501b416473ec27c71885aaf819e363c8df617f89ce68ae57fec7acf9d62743b2",
    "https://jsr.io/@std/assert/0.218.2/assert_almost_equals.ts": "77a20a203abff37146dc029afd14e7cce9c9c085c25a107a5f075ed49b646db0",
    "https://jsr.io/@std/assert/0.218.2/assert_array_includes.ts": "9f511b9b57d48f1ff643259192a66f855b8075a8fb9d9f3cdefc0e008cfe3466",
    "https://jsr.io/@std/assert/0.218.2/assert_equals.ts": "67145a333611ea4868df5d3fde56a8a8c0c2261bf09cf7dbabeeb021a0e2287f",
    "https://jsr.io/@std/assert/0.218.2/assert_exists.ts": "7ea6a5cbaf3ce2675adc863d11544ba0f0d6e61658c5f0a83b5aa999e48961f0",
    "https://jsr.io/@std/assert/0.218.2/assert_false.ts": "8941f89de0386609eb1749f334483d56420307997bbbba77a559c5fe7083a657",
    "https://jsr.io/@std/assert/0.218.2/assert_greater.ts": "441cfcab6ab8c06d6c54d5995d513a148c9ed7ec2d241c154e6a127b3f22f995",
    "https://jsr.io/@std/assert/0.218.2/assert_greater_or_equal.ts": "d841652741b8087235f3392abd6db387cc4ecfe91cbd9fbc721937789f325faa",
    "https://jsr.io/@std/assert/0.218.2/assert_instance_of.ts": "ab945d09a94ca382ac4e9044412a9414efe301ad0ae36b72c02159e7148321ed",
    "https://jsr.io/@std/assert/0.218.2/assert_is_error.ts": "0108b9929c64daef9913c4e7ecc7e43599810fe2d1af3be8bf422da95116fab5",
    "https://jsr.io/@std/assert/0.218.2/assert_less.ts": "282d39e91ce16e33d5b8352771d97c81d840f1810ba7b65b64332eba5b0f0c50",
    "https://jsr.io/@std/assert/0.218.2/assert_less_or_equal.ts": "a68b8ae9fa056449b63c8d3fb771fe8a3747d958877096e85839b75f3c581576",
    "https://jsr.io/@std/assert/0.218.2/assert_match.ts": "7395d0d84346d9a81695559d11afe890137f1c469bb5cafb6aba1a7faaf142f8",
    "https://jsr.io/@std/assert/0.218.2/assert_not_equals.ts": "b08ac1034e4b9aedff0bad798df7880c8f977019a90e98a5e0e4f88c7dfa6353",
    "https://jsr.io/@std/assert/0.218.2/assert_not_instance_of.ts": "340861128c5a03071247fdc6011b8499fd277d9faeb14306a4af9cd642a302c3",
    "https://jsr.io/@std/assert/0.218.2/assert_not_match.ts": "f09d94377a6403800f7d8602a70bce27d3d6ff699cd95e141b43c35c3b0e798d",
    "https://jsr.io/@std/assert/0.218.2/assert_not_strict_equals.ts": "1028e690746157783c44cd0d17d88d17a57ece9d387a8cc8e15aef291ac98258",
    "https://jsr.io/@std/assert/0.218.2/assert_object_match.ts": "9f02fd409595a8b656ec9f436fe012932e3729a58e8292e7c4c5b9b50266da5f",
    "https://jsr.io/@std/assert/0.218.2/assert_rejects.ts": "0c3da2972fdc8fec2bca990b197836f774263eac6ac5fea4bab940bf5c100db7",
    "https://jsr.io/@std/assert/0.218.2/assert_strict_equals.ts": "8540d32d596ba56673eff4eb30546a28a48f47391523cf272ef252bc13ebbf7a",
    "https://jsr.io/@std/assert/0.218.2/assert_string_includes.ts": "c178bd97da03e2215494e729b2048ae68e780bf0b583a998a3bf808fbdb1eba2",
    "https://jsr.io/@std/assert/0.218.2/assert_throws.ts": "3f4ba7b8beba42e7352f29998d36c2d024f366c0be560ffc8b15536af51a7934",
    "https://jsr.io/@std/assert/0.218.2/assertion_error.ts": "dd027fb33707dbff22cd2ef9b55fdb70e2095876caf3c68ecfbb811505ecc022",
    "https://jsr.io/@std/assert/0.218.2/equal.ts": "166d9377ce8df4d53f676d9a568a13914c2323d9d3b2fd1096aafeb59f3c1edf",
    "https://jsr.io/@std/assert/0.218.2/fail.ts": "67579a1308b176d52756ded6d1e3149f87703648e59afc333ba5168fefeb8d7b",
    "https://jsr.io/@std/assert/0.218.2/mod.ts": "325df8c0683ad83a873b9691aa66b812d6275fc9fec0b2d180ac68a2c5efed3b",
    "https://jsr.io/@std/assert/0.218.2/unimplemented.ts": "ed3115f6fb271277e0522f3b18f020259900c385e3fa986f109a519a1cf25763",
    "https://jsr.io/@std/assert/0.218.2/unreachable.ts": "7d33e611b31f1c61d67476e14cf4e895373707929703b0aba1398a0729f4d020",
    "https://jsr.io/@std/fmt/0.218.2/colors.ts": "85fab9452ef08d5db723cae5202b95b3e072fe7639cf4608426b665e136af4da"
  }
}
